
Microsoft Visual Studio Solution File, Format Version 12.00
# Visual Studio Version 17
VisualStudioVersion = 17.11.35208.52
MinimumVisualStudioVersion = 10.0.40219.1
Project("{FAE04EC0-301F-11D3-BF4B-00C04F79EFBC}") = "TM200_Demo", "TM200_Demo.csproj", "{03EE3971-8B99-40D8-9159-4A9D19CF9F7C}"
EndProject
Project("{FAE04EC0-301F-11D3-BF4B-00C04F79EFBC}") = "AK203.Repository", "..\AK203.Repository\AK203.Repository.csproj", "{50DD9948-382C-49E2-BAEC-5D23022A991E}"
EndProject
Project("{FAE04EC0-301F-11D3-BF4B-00C04F79EFBC}") = "ModuleReader", "..\TestReaderLib\ModuleReader.csproj", "{D5E84354-F875-4035-AE93-DAFB39B25F0D}"
EndProject
Global
	GlobalSection(SolutionConfigurationPlatforms) = preSolution
		Debug|Any CPU = Debug|Any CPU
		Debug|x64 = Debug|x64
		Debug|x86 = Debug|x86
		Release|Any CPU = Release|Any CPU
		Release|x64 = Release|x64
		Release|x86 = Release|x86
	EndGlobalSection
	GlobalSection(ProjectConfigurationPlatforms) = postSolution
		{03EE3971-8B99-40D8-9159-4A9D19CF9F7C}.Debug|Any CPU.ActiveCfg = Debug|x64
		{03EE3971-8B99-40D8-9159-4A9D19CF9F7C}.Debug|Any CPU.Build.0 = Debug|x64
		{03EE3971-8B99-40D8-9159-4A9D19CF9F7C}.Debug|x64.ActiveCfg = Debug|x64
		{03EE3971-8B99-40D8-9159-4A9D19CF9F7C}.Debug|x64.Build.0 = Debug|x64
		{03EE3971-8B99-40D8-9159-4A9D19CF9F7C}.Debug|x86.ActiveCfg = Debug|x86
		{03EE3971-8B99-40D8-9159-4A9D19CF9F7C}.Debug|x86.Build.0 = Debug|x86
		{03EE3971-8B99-40D8-9159-4A9D19CF9F7C}.Release|Any CPU.ActiveCfg = Release|x64
		{03EE3971-8B99-40D8-9159-4A9D19CF9F7C}.Release|Any CPU.Build.0 = Release|x64
		{03EE3971-8B99-40D8-9159-4A9D19CF9F7C}.Release|x64.ActiveCfg = Release|x64
		{03EE3971-8B99-40D8-9159-4A9D19CF9F7C}.Release|x64.Build.0 = Release|x64
		{03EE3971-8B99-40D8-9159-4A9D19CF9F7C}.Release|x86.ActiveCfg = Release|x86
		{03EE3971-8B99-40D8-9159-4A9D19CF9F7C}.Release|x86.Build.0 = Release|x86
		{50DD9948-382C-49E2-BAEC-5D23022A991E}.Debug|Any CPU.ActiveCfg = Debug|Any CPU
		{50DD9948-382C-49E2-BAEC-5D23022A991E}.Debug|Any CPU.Build.0 = Debug|Any CPU
		{50DD9948-382C-49E2-BAEC-5D23022A991E}.Debug|x64.ActiveCfg = Debug|Any CPU
		{50DD9948-382C-49E2-BAEC-5D23022A991E}.Debug|x64.Build.0 = Debug|Any CPU
		{50DD9948-382C-49E2-BAEC-5D23022A991E}.Debug|x86.ActiveCfg = Debug|Any CPU
		{50DD9948-382C-49E2-BAEC-5D23022A991E}.Debug|x86.Build.0 = Debug|Any CPU
		{50DD9948-382C-49E2-BAEC-5D23022A991E}.Release|Any CPU.ActiveCfg = Release|Any CPU
		{50DD9948-382C-49E2-BAEC-5D23022A991E}.Release|Any CPU.Build.0 = Release|Any CPU
		{50DD9948-382C-49E2-BAEC-5D23022A991E}.Release|x64.ActiveCfg = Release|Any CPU
		{50DD9948-382C-49E2-BAEC-5D23022A991E}.Release|x64.Build.0 = Release|Any CPU
		{50DD9948-382C-49E2-BAEC-5D23022A991E}.Release|x86.ActiveCfg = Release|Any CPU
		{50DD9948-382C-49E2-BAEC-5D23022A991E}.Release|x86.Build.0 = Release|Any CPU
		{D5E84354-F875-4035-AE93-DAFB39B25F0D}.Debug|Any CPU.ActiveCfg = Debug|x86
		{D5E84354-F875-4035-AE93-DAFB39B25F0D}.Debug|Any CPU.Build.0 = Debug|x86
		{D5E84354-F875-4035-AE93-DAFB39B25F0D}.Debug|x64.ActiveCfg = Debug|x86
		{D5E84354-F875-4035-AE93-DAFB39B25F0D}.Debug|x64.Build.0 = Debug|x86
		{D5E84354-F875-4035-AE93-DAFB39B25F0D}.Debug|x86.ActiveCfg = Debug|x86
		{D5E84354-F875-4035-AE93-DAFB39B25F0D}.Debug|x86.Build.0 = Debug|x86
		{D5E84354-F875-4035-AE93-DAFB39B25F0D}.Release|Any CPU.ActiveCfg = Release|x86
		{D5E84354-F875-4035-AE93-DAFB39B25F0D}.Release|Any CPU.Build.0 = Release|x86
		{D5E84354-F875-4035-AE93-DAFB39B25F0D}.Release|x64.ActiveCfg = Release|x86
		{D5E84354-F875-4035-AE93-DAFB39B25F0D}.Release|x64.Build.0 = Release|x86
		{D5E84354-F875-4035-AE93-DAFB39B25F0D}.Release|x86.ActiveCfg = Release|x86
		{D5E84354-F875-4035-AE93-DAFB39B25F0D}.Release|x86.Build.0 = Release|x86
	EndGlobalSection
	GlobalSection(SolutionProperties) = preSolution
		HideSolutionNode = FALSE
	EndGlobalSection
	GlobalSection(ExtensibilityGlobals) = postSolution
		SolutionGuid = {8CFEC436-8AC1-4BC5-A2D0-875D3179BB19}
	EndGlobalSection
EndGlobal
